// !$*UTF8*$!
{
	archiveVersion = 1;
	classes = {
	};
	objectVersion = 50;
	objects = {

/* Begin PBXBuildFile section */
		2DFFB4EF20AEDA99007528D3 /* AppDelegate.swift in Sources */ = {isa = PBXBuildFile; fileRef = 2DFFB4EE20AEDA99007528D3 /* AppDelegate.swift */; };
		2DFFB4F120AEDA99007528D3 /* ViewController.swift in Sources */ = {isa = PBXBuildFile; fileRef = 2DFFB4F020AEDA99007528D3 /* ViewController.swift */; };
		2DFFB4F420AEDA99007528D3 /* Main.storyboard in Resources */ = {isa = PBXBuildFile; fileRef = 2DFFB4F220AEDA99007528D3 /* Main.storyboard */; };
		2DFFB4F620AEDA9C007528D3 /* Assets.xcassets in Resources */ = {isa = PBXBuildFile; fileRef = 2DFFB4F520AEDA9C007528D3 /* Assets.xcassets */; };
		2DFFB4F920AEDA9C007528D3 /* LaunchScreen.storyboard in Resources */ = {isa = PBXBuildFile; fileRef = 2DFFB4F720AEDA9C007528D3 /* LaunchScreen.storyboard */; };
		2DFFB50420AEDA9C007528D3 /* ARMAssemblyTests.swift in Sources */ = {isa = PBXBuildFile; fileRef = 2DFFB50320AEDA9C007528D3 /* ARMAssemblyTests.swift */; };
		2DFFB50F20AEDA9C007528D3 /* ARMAssemblyUITests.swift in Sources */ = {isa = PBXBuildFile; fileRef = 2DFFB50E20AEDA9C007528D3 /* ARMAssemblyUITests.swift */; };
		2DFFB51D20AEDCF1007528D3 /* SimpleFunction.swift in Sources */ = {isa = PBXBuildFile; fileRef = 2DFFB51C20AEDCF1007528D3 /* SimpleFunction.swift */; };
		2DFFB52120B0604D007528D3 /* popcount.c in Sources */ = {isa = PBXBuildFile; fileRef = 2DFFB52020B0604C007528D3 /* popcount.c */; };
/* End PBXBuildFile section */

/* Begin PBXContainerItemProxy section */
		2DFFB50020AEDA9C007528D3 /* PBXContainerItemProxy */ = {
			isa = PBXContainerItemProxy;
			containerPortal = 2DFFB4E320AEDA99007528D3 /* Project object */;
			proxyType = 1;
			remoteGlobalIDString = 2DFFB4EA20AEDA99007528D3;
			remoteInfo = ARMAssembly;
		};
		2DFFB50B20AEDA9C007528D3 /* PBXContainerItemProxy */ = {
			isa = PBXContainerItemProxy;
			containerPortal = 2DFFB4E320AEDA99007528D3 /* Project object */;
			proxyType = 1;
			remoteGlobalIDString = 2DFFB4EA20AEDA99007528D3;
			remoteInfo = ARMAssembly;
		};
/* End PBXContainerItemProxy section */

/* Begin PBXFileReference section */
		2DFFB4EB20AEDA99007528D3 /* ARMAssembly.app */ = {isa = PBXFileReference; explicitFileType = wrapper.application; includeInIndex = 0; path = ARMAssembly.app; sourceTree = BUILT_PRODUCTS_DIR; };
		2DFFB4EE20AEDA99007528D3 /* AppDelegate.swift */ = {isa = PBXFileReference; lastKnownFileType = sourcecode.swift; path = AppDelegate.swift; sourceTree = "<group>"; };
		2DFFB4F020AEDA99007528D3 /* ViewController.swift */ = {isa = PBXFileReference; lastKnownFileType = sourcecode.swift; path = ViewController.swift; sourceTree = "<group>"; };
		2DFFB4F320AEDA99007528D3 /* Base */ = {isa = PBXFileReference; lastKnownFileType = file.storyboard; name = Base; path = Base.lproj/Main.storyboard; sourceTree = "<group>"; };
		2DFFB4F520AEDA9C007528D3 /* Assets.xcassets */ = {isa = PBXFileReference; lastKnownFileType = folder.assetcatalog; path = Assets.xcassets; sourceTree = "<group>"; };
		2DFFB4F820AEDA9C007528D3 /* Base */ = {isa = PBXFileReference; lastKnownFileType = file.storyboard; name = Base; path = Base.lproj/LaunchScreen.storyboard; sourceTree = "<group>"; };
		2DFFB4FA20AEDA9C007528D3 /* Info.plist */ = {isa = PBXFileReference; lastKnownFileType = text.plist.xml; path = Info.plist; sourceTree = "<group>"; };
		2DFFB4FF20AEDA9C007528D3 /* ARMAssemblyTests.xctest */ = {isa = PBXFileReference; explicitFileType = wrapper.cfbundle; includeInIndex = 0; path = ARMAssemblyTests.xctest; sourceTree = BUILT_PRODUCTS_DIR; };
		2DFFB50320AEDA9C007528D3 /* ARMAssemblyTests.swift */ = {isa = PBXFileReference; lastKnownFileType = sourcecode.swift; path = ARMAssemblyTests.swift; sourceTree = "<group>"; };
		2DFFB50520AEDA9C007528D3 /* Info.plist */ = {isa = PBXFileReference; lastKnownFileType = text.plist.xml; path = Info.plist; sourceTree = "<group>"; };
		2DFFB50A20AEDA9C007528D3 /* ARMAssemblyUITests.xctest */ = {isa = PBXFileReference; explicitFileType = wrapper.cfbundle; includeInIndex = 0; path = ARMAssemblyUITests.xctest; sourceTree = BUILT_PRODUCTS_DIR; };
		2DFFB50E20AEDA9C007528D3 /* ARMAssemblyUITests.swift */ = {isa = PBXFileReference; lastKnownFileType = sourcecode.swift; path = ARMAssemblyUITests.swift; sourceTree = "<group>"; };
		2DFFB51020AEDA9C007528D3 /* Info.plist */ = {isa = PBXFileReference; lastKnownFileType = text.plist.xml; path = Info.plist; sourceTree = "<group>"; };
		2DFFB51C20AEDCF1007528D3 /* SimpleFunction.swift */ = {isa = PBXFileReference; lastKnownFileType = sourcecode.swift; path = SimpleFunction.swift; sourceTree = "<group>"; };
		2DFFB51E20B06009007528D3 /* popcount.h */ = {isa = PBXFileReference; lastKnownFileType = sourcecode.c.h; path = popcount.h; sourceTree = "<group>"; };
		2DFFB51F20B0604C007528D3 /* ARMAssembly-Bridging-Header.h */ = {isa = PBXFileReference; lastKnownFileType = sourcecode.c.h; path = "ARMAssembly-Bridging-Header.h"; sourceTree = "<group>"; };
		2DFFB52020B0604C007528D3 /* popcount.c */ = {isa = PBXFileReference; lastKnownFileType = sourcecode.c.c; path = popcount.c; sourceTree = "<group>"; };
/* End PBXFileReference section */

/* Begin PBXFrameworksBuildPhase section */
		2DFFB4E820AEDA99007528D3 /* Frameworks */ = {
			isa = PBXFrameworksBuildPhase;
			buildActionMask = 2147483647;
			files = (
			);
			runOnlyForDeploymentPostprocessing = 0;
		};
		2DFFB4FC20AEDA9C007528D3 /* Frameworks */ = {
			isa = PBXFrameworksBuildPhase;
			buildActionMask = 2147483647;
			files = (
			);
			runOnlyForDeploymentPostprocessing = 0;
		};
		2DFFB50720AEDA9C007528D3 /* Frameworks */ = {
			isa = PBXFrameworksBuildPhase;
			buildActionMask = 2147483647;
			files = (
			);
			runOnlyForDeploymentPostprocessing = 0;
		};
/* End PBXFrameworksBuildPhase section */

/* Begin PBXGroup section */
		2DFFB4E220AEDA99007528D3 = {
			isa = PBXGroup;
			children = (
				2DFFB4ED20AEDA99007528D3 /* ARMAssembly */,
				2DFFB50220AEDA9C007528D3 /* ARMAssemblyTests */,
				2DFFB50D20AEDA9C007528D3 /* ARMAssemblyUITests */,
				2DFFB4EC20AEDA99007528D3 /* Products */,
			);
			sourceTree = "<group>";
		};
		2DFFB4EC20AEDA99007528D3 /* Products */ = {
			isa = PBXGroup;
			children = (
				2DFFB4EB20AEDA99007528D3 /* ARMAssembly.app */,
				2DFFB4FF20AEDA9C007528D3 /* ARMAssemblyTests.xctest */,
				2DFFB50A20AEDA9C007528D3 /* ARMAssemblyUITests.xctest */,
			);
			name = Products;
			sourceTree = "<group>";
		};
		2DFFB4ED20AEDA99007528D3 /* ARMAssembly */ = {
			isa = PBXGroup;
			children = (
				2DFFB4EE20AEDA99007528D3 /* AppDelegate.swift */,
				2DFFB4F020AEDA99007528D3 /* ViewController.swift */,
				2DFFB51C20AEDCF1007528D3 /* SimpleFunction.swift */,
				2DFFB51E20B06009007528D3 /* popcount.h */,
				2DFFB52020B0604C007528D3 /* popcount.c */,
				2DFFB4F220AEDA99007528D3 /* Main.storyboard */,
				2DFFB4F520AEDA9C007528D3 /* Assets.xcassets */,
				2DFFB4F720AEDA9C007528D3 /* LaunchScreen.storyboard */,
				2DFFB4FA20AEDA9C007528D3 /* Info.plist */,
				2DFFB51F20B0604C007528D3 /* ARMAssembly-Bridging-Header.h */,
			);
			path = ARMAssembly;
			sourceTree = "<group>";
		};
		2DFFB50220AEDA9C007528D3 /* ARMAssemblyTests */ = {
			isa = PBXGroup;
			children = (
				2DFFB50320AEDA9C007528D3 /* ARMAssemblyTests.swift */,
				2DFFB50520AEDA9C007528D3 /* Info.plist */,
			);
			path = ARMAssemblyTests;
			sourceTree = "<group>";
		};
		2DFFB50D20AEDA9C007528D3 /* ARMAssemblyUITests */ = {
			isa = PBXGroup;
			children = (
				2DFFB50E20AEDA9C007528D3 /* ARMAssemblyUITests.swift */,
				2DFFB51020AEDA9C007528D3 /* Info.plist */,
			);
			path = ARMAssemblyUITests;
			sourceTree = "<group>";
		};
/* End PBXGroup section */

/* Begin PBXNativeTarget section */
		2DFFB4EA20AEDA99007528D3 /* ARMAssembly */ = {
			isa = PBXNativeTarget;
			buildConfigurationList = 2DFFB51320AEDA9C007528D3 /* Build configuration list for PBXNativeTarget "ARMAssembly" */;
			buildPhases = (
				2DFFB4E720AEDA99007528D3 /* Sources */,
				2DFFB4E820AEDA99007528D3 /* Frameworks */,
				2DFFB4E920AEDA99007528D3 /* Resources */,
			);
			buildRules = (
			);
			dependencies = (
			);
			name = ARMAssembly;
			productName = ARMAssembly;
			productReference = 2DFFB4EB20AEDA99007528D3 /* ARMAssembly.app */;
			productType = "com.apple.product-type.application";
		};
		2DFFB4FE20AEDA9C007528D3 /* ARMAssemblyTests */ = {
			isa = PBXNativeTarget;
			buildConfigurationList = 2DFFB51620AEDA9C007528D3 /* Build configuration list for PBXNativeTarget "ARMAssemblyTests" */;
			buildPhases = (
				2DFFB4FB20AEDA9C007528D3 /* Sources */,
				2DFFB4FC20AEDA9C007528D3 /* Frameworks */,
				2DFFB4FD20AEDA9C007528D3 /* Resources */,
			);
			buildRules = (
			);
			dependencies = (
				2DFFB50120AEDA9C007528D3 /* PBXTargetDependency */,
			);
			name = ARMAssemblyTests;
			productName = ARMAssemblyTests;
			productReference = 2DFFB4FF20AEDA9C007528D3 /* ARMAssemblyTests.xctest */;
			productType = "com.apple.product-type.bundle.unit-test";
		};
		2DFFB50920AEDA9C007528D3 /* ARMAssemblyUITests */ = {
			isa = PBXNativeTarget;
			buildConfigurationList = 2DFFB51920AEDA9C007528D3 /* Build configuration list for PBXNativeTarget "ARMAssemblyUITests" */;
			buildPhases = (
				2DFFB50620AEDA9C007528D3 /* Sources */,
				2DFFB50720AEDA9C007528D3 /* Frameworks */,
				2DFFB50820AEDA9C007528D3 /* Resources */,
			);
			buildRules = (
			);
			dependencies = (
				2DFFB50C20AEDA9C007528D3 /* PBXTargetDependency */,
			);
			name = ARMAssemblyUITests;
			productName = ARMAssemblyUITests;
			productReference = 2DFFB50A20AEDA9C007528D3 /* ARMAssemblyUITests.xctest */;
			productType = "com.apple.product-type.bundle.ui-testing";
		};
/* End PBXNativeTarget section */

/* Begin PBXProject section */
		2DFFB4E320AEDA99007528D3 /* Project object */ = {
			isa = PBXProject;
			attributes = {
				LastSwiftUpdateCheck = 0930;
				LastUpgradeCheck = 0930;
				ORGANIZATIONNAME = "Michael Johnson";
				TargetAttributes = {
					2DFFB4EA20AEDA99007528D3 = {
						CreatedOnToolsVersion = 9.3;
						LastSwiftMigration = 0930;
					};
					2DFFB4FE20AEDA9C007528D3 = {
						CreatedOnToolsVersion = 9.3;
						TestTargetID = 2DFFB4EA20AEDA99007528D3;
					};
					2DFFB50920AEDA9C007528D3 = {
						CreatedOnToolsVersion = 9.3;
						TestTargetID = 2DFFB4EA20AEDA99007528D3;
					};
				};
			};
			buildConfigurationList = 2DFFB4E620AEDA99007528D3 /* Build configuration list for PBXProject "ARMAssembly" */;
			compatibilityVersion = "Xcode 9.3";
			developmentRegion = en;
			hasScannedForEncodings = 0;
			knownRegions = (
				en,
				Base,
			);
			mainGroup = 2DFFB4E220AEDA99007528D3;
			productRefGroup = 2DFFB4EC20AEDA99007528D3 /* Products */;
			projectDirPath = "";
			projectRoot = "";
			targets = (
				2DFFB4EA20AEDA99007528D3 /* ARMAssembly */,
				2DFFB4FE20AEDA9C007528D3 /* ARMAssemblyTests */,
				2DFFB50920AEDA9C007528D3 /* ARMAssemblyUITests */,
			);
		};
/* End PBXProject section */

/* Begin PBXResourcesBuildPhase section */
		2DFFB4E920AEDA99007528D3 /* Resources */ = {
			isa = PBXResourcesBuildPhase;
			buildActionMask = 2147483647;
			files = (
				2DFFB4F920AEDA9C007528D3 /* LaunchScreen.storyboard in Resources */,
				2DFFB4F620AEDA9C007528D3 /* Assets.xcassets in Resources */,
				2DFFB4F420AEDA99007528D3 /* Main.storyboard in Resources */,
			);
			runOnlyForDeploymentPostprocessing = 0;
		};
		2DFFB4FD20AEDA9C007528D3 /* Resources */ = {
			isa = PBXResourcesBuildPhase;
			buildActionMask = 2147483647;
			files = (
			);
			runOnlyForDeploymentPostprocessing = 0;
		};
		2DFFB50820AEDA9C007528D3 /* Resources */ = {
			isa = PBXResourcesBuildPhase;
			buildActionMask = 2147483647;
			files = (
			);
			runOnlyForDeploymentPostprocessing = 0;
		};
/* End PBXResourcesBuildPhase section */

/* Begin PBXSourcesBuildPhase section */
		2DFFB4E720AEDA99007528D3 /* Sources */ = {
			isa = PBXSourcesBuildPhase;
			buildActionMask = 2147483647;
			files = (
				2DFFB4F120AEDA99007528D3 /* ViewController.swift in Sources */,
				2DFFB4EF20AEDA99007528D3 /* AppDelegate.swift in Sources */,
				2DFFB51D20AEDCF1007528D3 /* SimpleFunction.swift in Sources */,
				2DFFB52120B0604D007528D3 /* popcount.c in Sources */,
			);
			runOnlyForDeploymentPostprocessing = 0;
		};
		2DFFB4FB20AEDA9C007528D3 /* Sources */ = {
			isa = PBXSourcesBuildPhase;
			buildActionMask = 2147483647;
			files = (
				2DFFB50420AEDA9C007528D3 /* ARMAssemblyTests.swift in Sources */,
			);
			runOnlyForDeploymentPostprocessing = 0;
		};
		2DFFB50620AEDA9C007528D3 /* Sources */ = {
			isa = PBXSourcesBuildPhase;
			buildActionMask = 2147483647;
			files = (
				2DFFB50F20AEDA9C007528D3 /* ARMAssemblyUITests.swift in Sources */,
			);
			runOnlyForDeploymentPostprocessing = 0;
		};
/* End PBXSourcesBuildPhase section */

/* Begin PBXTargetDependency section */
		2DFFB50120AEDA9C007528D3 /* PBXTargetDependency */ = {
			isa = PBXTargetDependency;
			target = 2DFFB4EA20AEDA99007528D3 /* ARMAssembly */;
			targetProxy = 2DFFB50020AEDA9C007528D3 /* PBXContainerItemProxy */;
		};
		2DFFB50C20AEDA9C007528D3 /* PBXTargetDependency */ = {
			isa = PBXTargetDependency;
			target = 2DFFB4EA20AEDA99007528D3 /* ARMAssembly */;
			targetProxy = 2DFFB50B20AEDA9C007528D3 /* PBXContainerItemProxy */;
		};
/* End PBXTargetDependency section */

/* Begin PBXVariantGroup section */
		2DFFB4F220AEDA99007528D3 /* Main.storyboard */ = {
			isa = PBXVariantGroup;
			children = (
				2DFFB4F320AEDA99007528D3 /* Base */,
			);
			name = Main.storyboard;
			sourceTree = "<group>";
		};
		2DFFB4F720AEDA9C007528D3 /* LaunchScreen.storyboard */ = {
			isa = PBXVariantGroup;
			children = (
				2DFFB4F820AEDA9C007528D3 /* Base */,
			);
			name = LaunchScreen.storyboard;
			sourceTree = "<group>";
		};
/* End PBXVariantGroup section */

/* Begin XCBuildConfiguration section */
		2DFFB51120AEDA9C007528D3 /* Debug */ = {
			isa = XCBuildConfiguration;
			buildSettings = {
				ALWAYS_SEARCH_USER_PATHS = NO;
				CLANG_ANALYZER_NONNULL = YES;
				CLANG_ANALYZER_NUMBER_OBJECT_CONVERSION = YES_AGGRESSIVE;
				CLANG_CXX_LANGUAGE_STANDARD = "gnu++14";
				CLANG_CXX_LIBRARY = "libc++";
				CLANG_ENABLE_MODULES = YES;
				CLANG_ENABLE_OBJC_ARC = YES;
				CLANG_ENABLE_OBJC_WEAK = YES;
				CLANG_WARN_BLOCK_CAPTURE_AUTORELEASING = YES;
				CLANG_WARN_BOOL_CONVERSION = YES;
				CLANG_WARN_COMMA = YES;
				CLANG_WARN_CONSTANT_CONVERSION = YES;
				CLANG_WARN_DEPRECATED_OBJC_IMPLEMENTATIONS = YES;
				CLANG_WARN_DIRECT_OBJC_ISA_USAGE = YES_ERROR;
				CLANG_WARN_DOCUMENTATION_COMMENTS = YES;
				CLANG_WARN_EMPTY_BODY = YES;
				CLANG_WARN_ENUM_CONVERSION = YES;
				CLANG_WARN_INFINITE_RECURSION = YES;
				CLANG_WARN_INT_CONVERSION = YES;
				CLANG_WARN_NON_LITERAL_NULL_CONVERSION = YES;
				CLANG_WARN_OBJC_IMPLICIT_RETAIN_SELF = YES;
				CLANG_WARN_OBJC_LITERAL_CONVERSION = YES;
				CLANG_WARN_OBJC_ROOT_CLASS = YES_ERROR;
				CLANG_WARN_RANGE_LOOP_ANALYSIS = YES;
				CLANG_WARN_STRICT_PROTOTYPES = YES;
				CLANG_WARN_SUSPICIOUS_MOVE = YES;
				CLANG_WARN_UNGUARDED_AVAILABILITY = YES_AGGRESSIVE;
				CLANG_WARN_UNREACHABLE_CODE = YES;
				CLANG_WARN__DUPLICATE_METHOD_MATCH = YES;
				CODE_SIGN_IDENTITY = "iPhone Developer";
				COPY_PHASE_STRIP = NO;
				DEBUG_INFORMATION_FORMAT = dwarf;
				ENABLE_STRICT_OBJC_MSGSEND = YES;
				ENABLE_TESTABILITY = YES;
				GCC_C_LANGUAGE_STANDARD = gnu11;
				GCC_DYNAMIC_NO_PIC = NO;
				GCC_NO_COMMON_BLOCKS = YES;
				GCC_OPTIMIZATION_LEVEL = 0;
				GCC_PREPROCESSOR_DEFINITIONS = (
					"DEBUG=1",
					"$(inherited)",
				);
				GCC_WARN_64_TO_32_BIT_CONVERSION = YES;
				GCC_WARN_ABOUT_RETURN_TYPE = YES_ERROR;
				GCC_WARN_UNDECLARED_SELECTOR = YES;
				GCC_WARN_UNINITIALIZED_AUTOS = YES_AGGRESSIVE;
				GCC_WARN_UNUSED_FUNCTION = YES;
				GCC_WARN_UNUSED_VARIABLE = YES;
				IPHONEOS_DEPLOYMENT_TARGET = 11.3;
				MTL_ENABLE_DEBUG_INFO = YES;
				ONLY_ACTIVE_ARCH = YES;
				SDKROOT = iphoneos;
				SWIFT_ACTIVE_COMPILATION_CONDITIONS = DEBUG;
				SWIFT_OPTIMIZATION_LEVEL = "-Onone";
			};
			name = Debug;
		};
		2DFFB51220AEDA9C007528D3 /* Release */ = {
			isa = XCBuildConfiguration;
			buildSettings = {
				ALWAYS_SEARCH_USER_PATHS = NO;
				CLANG_ANALYZER_NONNULL = YES;
				CLANG_ANALYZER_NUMBER_OBJECT_CONVERSION = YES_AGGRESSIVE;
				CLANG_CXX_LANGUAGE_STANDARD = "gnu++14";
				CLANG_CXX_LIBRARY = "libc++";
				CLANG_ENABLE_MODULES = YES;
				CLANG_ENABLE_OBJC_ARC = YES;
				CLANG_ENABLE_OBJC_WEAK = YES;
				CLANG_WARN_BLOCK_CAPTURE_AUTORELEASING = YES;
				CLANG_WARN_BOOL_CONVERSION = YES;
				CLANG_WARN_COMMA = YES;
				CLANG_WARN_CONSTANT_CONVERSION = YES;
				CLANG_WARN_DEPRECATED_OBJC_IMPLEMENTATIONS = YES;
				CLANG_WARN_DIRECT_OBJC_ISA_USAGE = YES_ERROR;
				CLANG_WARN_DOCUMENTATION_COMMENTS = YES;
				CLANG_WARN_EMPTY_BODY = YES;
				CLANG_WARN_ENUM_CONVERSION = YES;
				CLANG_WARN_INFINITE_RECURSION = YES;
				CLANG_WARN_INT_CONVERSION = YES;
				CLANG_WARN_NON_LITERAL_NULL_CONVERSION = YES;
				CLANG_WARN_OBJC_IMPLICIT_RETAIN_SELF = YES;
				CLANG_WARN_OBJC_LITERAL_CONVERSION = YES;
				CLANG_WARN_OBJC_ROOT_CLASS = YES_ERROR;
				CLANG_WARN_RANGE_LOOP_ANALYSIS = YES;
				CLANG_WARN_STRICT_PROTOTYPES = YES;
				CLANG_WARN_SUSPICIOUS_MOVE = YES;
				CLANG_WARN_UNGUARDED_AVAILABILITY = YES_AGGRESSIVE;
				CLANG_WARN_UNREACHABLE_CODE = YES;
				CLANG_WARN__DUPLICATE_METHOD_MATCH = YES;
				CODE_SIGN_IDENTITY = "iPhone Developer";
				COPY_PHASE_STRIP = NO;
				DEBUG_INFORMATION_FORMAT = "dwarf-with-dsym";
				ENABLE_NS_ASSERTIONS = NO;
				ENABLE_STRICT_OBJC_MSGSEND = YES;
				GCC_C_LANGUAGE_STANDARD = gnu11;
				GCC_NO_COMMON_BLOCKS = YES;
				GCC_WARN_64_TO_32_BIT_CONVERSION = YES;
				GCC_WARN_ABOUT_RETURN_TYPE = YES_ERROR;
				GCC_WARN_UNDECLARED_SELECTOR = YES;
				GCC_WARN_UNINITIALIZED_AUTOS = YES_AGGRESSIVE;
				GCC_WARN_UNUSED_FUNCTION = YES;
				GCC_WARN_UNUSED_VARIABLE = YES;
				IPHONEOS_DEPLOYMENT_TARGET = 11.3;
				MTL_ENABLE_DEBUG_INFO = NO;
				SDKROOT = iphoneos;
				SWIFT_COMPILATION_MODE = wholemodule;
				SWIFT_OPTIMIZATION_LEVEL = "-O";
				VALIDATE_PRODUCT = YES;
			};
			name = Release;
		};
		2DFFB51420AEDA9C007528D3 /* Debug */ = {
			isa = XCBuildConfiguration;
			buildSettings = {
				ASSETCATALOG_COMPILER_APPICON_NAME = AppIcon;
				CLANG_ENABLE_MODULES = YES;
				CODE_SIGN_STYLE = Automatic;
				DEVELOPMENT_TEAM = 99LAXHYG4Z;
				INFOPLIST_FILE = ARMAssembly/Info.plist;
				LD_RUNPATH_SEARCH_PATHS = (
					"$(inherited)",
					"@executable_path/Frameworks",
				);
				PRODUCT_BUNDLE_IDENTIFIER = com.mikejfromva.ARMAssembly;
				PRODUCT_NAME = "$(TARGET_NAME)";
				SWIFT_OBJC_BRIDGING_HEADER = "ARMAssembly/ARMAssembly-Bridging-Header.h";
				SWIFT_OPTIMIZATION_LEVEL = "-Onone";
				SWIFT_VERSION = 4.0;
				TARGETED_DEVICE_FAMILY = "1,2";
			};
			name = Debug;
		};
		2DFFB51520AEDA9C007528D3 /* Release */ = {
			isa = XCBuildConfiguration;
			buildSettings = {
				ASSETCATALOG_COMPILER_APPICON_NAME = AppIcon;
				CLANG_ENABLE_MODULES = YES;
				CODE_SIGN_STYLE = Automatic;
				DEVELOPMENT_TEAM = 99LAXHYG4Z;
				INFOPLIST_FILE = ARMAssembly/Info.plist;
				LD_RUNPATH_SEARCH_PATHS = (
					"$(inherited)",
					"@executable_path/Frameworks",
				);
				PRODUCT_BUNDLE_IDENTIFIER = com.mikejfromva.ARMAssembly;
				PRODUCT_NAME = "$(TARGET_NAME)";
				SWIFT_OBJC_BRIDGING_HEADER = "ARMAssembly/ARMAssembly-Bridging-Header.h";
				SWIFT_VERSION = 4.0;
				TARGETED_DEVICE_FAMILY = "1,2";
			};
			name = Release;
		};
		2DFFB51720AEDA9C007528D3 /* Debug */ = {
			isa = XCBuildConfiguration;
			buildSettings = {
				ALWAYS_EMBED_SWIFT_STANDARD_LIBRARIES = YES;
				BUNDLE_LOADER = "$(TEST_HOST)";
				CODE_SIGN_STYLE = Automatic;
				DEVELOPMENT_TEAM = 99LAXHYG4Z;
				INFOPLIST_FILE = ARMAssemblyTests/Info.plist;
				LD_RUNPATH_SEARCH_PATHS = (
					"$(inherited)",
					"@executable_path/Frameworks",
					"@loader_path/Frameworks",
				);
				PRODUCT_BUNDLE_IDENTIFIER = com.mikejfromva.ARMAssemblyTests;
				PRODUCT_NAME = "$(TARGET_NAME)";
				SWIFT_VERSION = 4.0;
				TARGETED_DEVICE_FAMILY = "1,2";
				TEST_HOST = "$(BUILT_PRODUCTS_DIR)/ARMAssembly.app/ARMAssembly";
			};
			name = Debug;
		};
		2DFFB51820AEDA9C007528D3 /* Release */ = {
			isa = XCBuildConfiguration;
			buildSettings = {
				ALWAYS_EMBED_SWIFT_STANDARD_LIBRARIES = YES;
				BUNDLE_LOADER = "$(TEST_HOST)";
				CODE_SIGN_STYLE = Automatic;
				DEVELOPMENT_TEAM = 99LAXHYG4Z;
				INFOPLIST_FILE = ARMAssemblyTests/Info.plist;
				LD_RUNPATH_SEARCH_PATHS = (
					"$(inherited)",
					"@executable_path/Frameworks",
					"@loader_path/Frameworks",
				);
				PRODUCT_BUNDLE_IDENTIFIER = com.mikejfromva.ARMAssemblyTests;
				PRODUCT_NAME = "$(TARGET_NAME)";
				SWIFT_VERSION = 4.0;
				TARGETED_DEVICE_FAMILY = "1,2";
				TEST_HOST = "$(BUILT_PRODUCTS_DIR)/ARMAssembly.app/ARMAssembly";
			};
			name = Release;
		};
		2DFFB51A20AEDA9C007528D3 /* Debug */ = {
			isa = XCBuildConfiguration;
			buildSettings = {
				ALWAYS_EMBED_SWIFT_STANDARD_LIBRARIES = YES;
				CODE_SIGN_STYLE = Automatic;
				DEVELOPMENT_TEAM = 99LAXHYG4Z;
				INFOPLIST_FILE = ARMAssemblyUITests/Info.plist;
				LD_RUNPATH_SEARCH_PATHS = (
					"$(inherited)",
					"@executable_path/Frameworks",
					"@loader_path/Frameworks",
				);
				PRODUCT_BUNDLE_IDENTIFIER = com.mikejfromva.ARMAssemblyUITests;
				PRODUCT_NAME = "$(TARGET_NAME)";
				SWIFT_VERSION = 4.0;
				TARGETED_DEVICE_FAMILY = "1,2";
				TEST_TARGET_NAME = ARMAssembly;
			};
			name = Debug;
		};
		2DFFB51B20AEDA9C007528D3 /* Release */ = {
			isa = XCBuildConfiguration;
			buildSettings = {
				ALWAYS_EMBED_SWIFT_STANDARD_LIBRARIES = YES;
				CODE_SIGN_STYLE = Automatic;
				DEVELOPMENT_TEAM = 99LAXHYG4Z;
				INFOPLIST_FILE = ARMAssemblyUITests/Info.plist;
				LD_RUNPATH_SEARCH_PATHS = (
					"$(inherited)",
					"@executable_path/Frameworks",
					"@loader_path/Frameworks",
				);
				PRODUCT_BUNDLE_IDENTIFIER = com.mikejfromva.ARMAssemblyUITests;
				PRODUCT_NAME = "$(TARGET_NAME)";
				SWIFT_VERSION = 4.0;
				TARGETED_DEVICE_FAMILY = "1,2";
				TEST_TARGET_NAME = ARMAssembly;
			};
			name = Release;
		};
/* End XCBuildConfiguration section */

/* Begin XCConfigurationList section */
		2DFFB4E620AEDA99007528D3 /* Build configuration list for PBXProject "ARMAssembly" */ = {
			isa = XCConfigurationList;
			buildConfigurations = (
				2DFFB51120AEDA9C007528D3 /* Debug */,
				2DFFB51220AEDA9C007528D3 /* Release */,
			);
			defaultConfigurationIsVisible = 0;
			defaultConfigurationName = Release;
		};
		2DFFB51320AEDA9C007528D3 /* Build configuration list for PBXNativeTarget "ARMAssembly" */ = {
			isa = XCConfigurationList;
			buildConfigurations = (
				2DFFB51420AEDA9C007528D3 /* Debug */,
				2DFFB51520AEDA9C007528D3 /* Release */,
			);
			defaultConfigurationIsVisible = 0;
			defaultConfigurationName = Release;
		};
		2DFFB51620AEDA9C007528D3 /* Build configuration list for PBXNativeTarget "ARMAssemblyTests" */ = {
			isa = XCConfigurationList;
			buildConfigurations = (
				2DFFB51720AEDA9C007528D3 /* Debug */,
				2DFFB51820AEDA9C007528D3 /* Release */,
			);
			defaultConfigurationIsVisible = 0;
			defaultConfigurationName = Release;
		};
		2DFFB51920AEDA9C007528D3 /* Build configuration list for PBXNativeTarget "ARMAssemblyUITests" */ = {
			isa = XCConfigurationList;
			buildConfigurations = (
				2DFFB51A20AEDA9C007528D3 /* Debug */,
				2DFFB51B20AEDA9C007528D3 /* Release */,
			);
			defaultConfigurationIsVisible = 0;
			defaultConfigurationName = Release;
		};
/* End XCConfigurationList section */
	};
	rootObject = 2DFFB4E320AEDA99007528D3 /* Project object */;
}
